
Microsoft Visual Studio Solution File, Format Version 12.00
# Visual Studio Version 17
VisualStudioVersion = 17.8.34525.116
MinimumVisualStudioVersion = 10.0.40219.1
Project("{9A19103F-16F7-4668-BE54-9A1E7A4F7556}") = "PrintMaker", "PrintMaker.csproj", "{B87AFB7C-612B-4DF2-A6A7-50D46FA31767}"
EndProject
Project("{FAE04EC0-301F-11D3-BF4B-00C04F79EFBC}") = "ImgDebugger", "..\ImgDebugger\ImgDebugger.csproj", "{5F660EF6-1018-4296-A71A-B2C01FFBF9AB}"
EndProject
Global
	GlobalSection(SolutionConfigurationPlatforms) = preSolution
		Debug|Any CPU = Debug|Any CPU
		Release|Any CPU = Release|Any CPU
	EndGlobalSection
	GlobalSection(ProjectConfigurationPlatforms) = postSolution
		{B87AFB7C-612B-4DF2-A6A7-50D46FA31767}.Debug|Any CPU.ActiveCfg = Debug|Any CPU
		{B87AFB7C-612B-4DF2-A6A7-50D46FA31767}.Debug|Any CPU.Build.0 = Debug|Any CPU
		{B87AFB7C-612B-4DF2-A6A7-50D46FA31767}.Release|Any CPU.ActiveCfg = Release|Any CPU
		{B87AFB7C-612B-4DF2-A6A7-50D46FA31767}.Release|Any CPU.Build.0 = Release|Any CPU
		{5F660EF6-1018-4296-A71A-B2C01FFBF9AB}.Debug|Any CPU.ActiveCfg = Debug|Any CPU
		{5F660EF6-1018-4296-A71A-B2C01FFBF9AB}.Debug|Any CPU.Build.0 = Debug|Any CPU
		{5F660EF6-1018-4296-A71A-B2C01FFBF9AB}.Release|Any CPU.ActiveCfg = Release|Any CPU
		{5F660EF6-1018-4296-A71A-B2C01FFBF9AB}.Release|Any CPU.Build.0 = Release|Any CPU
	EndGlobalSection
	GlobalSection(SolutionProperties) = preSolution
		HideSolutionNode = FALSE
	EndGlobalSection
	GlobalSection(ExtensibilityGlobals) = postSolution
		SolutionGuid = {836545AF-8564-4157-8B11-59541ACD4C6E}
	EndGlobalSection
EndGlobal
